// !$*UTF8*$!
{
	archiveVersion = 1;
	classes = {
	};
	objectVersion = 46;
	objects = {

/* Begin PBXBuildFile section */
		1EE045D31E426AD3002388D7 /* SidePanel.framework in Frameworks */ = {isa = PBXBuildFile; fileRef = 1EE045C91E426AD3002388D7 /* SidePanel.framework */; };
		1EE045D81E426AD3002388D7 /* SidePanelTests.swift in Sources */ = {isa = PBXBuildFile; fileRef = 1EE045D71E426AD3002388D7 /* SidePanelTests.swift */; };
		1EE045DA1E426AD3002388D7 /* SidePanel.h in Headers */ = {isa = PBXBuildFile; fileRef = 1EE045CC1E426AD3002388D7 /* SidePanel.h */; settings = {ATTRIBUTES = (Public, ); }; };
		1EE045E81E426B29002388D7 /* ContainerViewController.swift in Sources */ = {isa = PBXBuildFile; fileRef = 1EE045E31E426B29002388D7 /* ContainerViewController.swift */; };
		1EE045E91E426B29002388D7 /* DataTypes.swift in Sources */ = {isa = PBXBuildFile; fileRef = 1EE045E41E426B29002388D7 /* DataTypes.swift */; };
		1EE045EA1E426B29002388D7 /* MainViewController.swift in Sources */ = {isa = PBXBuildFile; fileRef = 1EE045E51E426B29002388D7 /* MainViewController.swift */; };
		1EE045EB1E426B29002388D7 /* Protocols.swift in Sources */ = {isa = PBXBuildFile; fileRef = 1EE045E61E426B29002388D7 /* Protocols.swift */; };
		1EE045EC1E426B29002388D7 /* SideViewController.swift in Sources */ = {isa = PBXBuildFile; fileRef = 1EE045E71E426B29002388D7 /* SideViewController.swift */; };
		1EE045ED1E426B51002388D7 /* Info.plist in Resources */ = {isa = PBXBuildFile; fileRef = 1EE045CD1E426AD3002388D7 /* Info.plist */; };
/* End PBXBuildFile section */

/* Begin PBXContainerItemProxy section */
		1EE045D41E426AD3002388D7 /* PBXContainerItemProxy */ = {
			isa = PBXContainerItemProxy;
			containerPortal = 1EE045C01E426AD3002388D7 /* Project object */;
			proxyType = 1;
			remoteGlobalIDString = 1EE045C81E426AD3002388D7;
			remoteInfo = SidePanel;
		};
/* End PBXContainerItemProxy section */

/* Begin PBXFileReference section */
		1EE045C91E426AD3002388D7 /* SidePanel.framework */ = {isa = PBXFileReference; explicitFileType = wrapper.framework; includeInIndex = 0; path = SidePanel.framework; sourceTree = BUILT_PRODUCTS_DIR; };
		1EE045CC1E426AD3002388D7 /* SidePanel.h */ = {isa = PBXFileReference; lastKnownFileType = sourcecode.c.h; path = SidePanel.h; sourceTree = "<group>"; };
		1EE045CD1E426AD3002388D7 /* Info.plist */ = {isa = PBXFileReference; lastKnownFileType = text.plist.xml; path = Info.plist; sourceTree = "<group>"; };
		1EE045D21E426AD3002388D7 /* SidePanelTests.xctest */ = {isa = PBXFileReference; explicitFileType = wrapper.cfbundle; includeInIndex = 0; path = SidePanelTests.xctest; sourceTree = BUILT_PRODUCTS_DIR; };
		1EE045D71E426AD3002388D7 /* SidePanelTests.swift */ = {isa = PBXFileReference; lastKnownFileType = sourcecode.swift; path = SidePanelTests.swift; sourceTree = "<group>"; };
		1EE045D91E426AD3002388D7 /* Info.plist */ = {isa = PBXFileReference; lastKnownFileType = text.plist.xml; path = Info.plist; sourceTree = "<group>"; };
		1EE045E31E426B29002388D7 /* ContainerViewController.swift */ = {isa = PBXFileReference; fileEncoding = 4; lastKnownFileType = sourcecode.swift; path = ContainerViewController.swift; sourceTree = "<group>"; };
		1EE045E41E426B29002388D7 /* DataTypes.swift */ = {isa = PBXFileReference; fileEncoding = 4; lastKnownFileType = sourcecode.swift; path = DataTypes.swift; sourceTree = "<group>"; };
		1EE045E51E426B29002388D7 /* MainViewController.swift */ = {isa = PBXFileReference; fileEncoding = 4; lastKnownFileType = sourcecode.swift; path = MainViewController.swift; sourceTree = "<group>"; };
		1EE045E61E426B29002388D7 /* Protocols.swift */ = {isa = PBXFileReference; fileEncoding = 4; lastKnownFileType = sourcecode.swift; path = Protocols.swift; sourceTree = "<group>"; };
		1EE045E71E426B29002388D7 /* SideViewController.swift */ = {isa = PBXFileReference; fileEncoding = 4; lastKnownFileType = sourcecode.swift; path = SideViewController.swift; sourceTree = "<group>"; };
/* End PBXFileReference section */

/* Begin PBXFrameworksBuildPhase section */
		1EE045C51E426AD3002388D7 /* Frameworks */ = {
			isa = PBXFrameworksBuildPhase;
			buildActionMask = 2147483647;
			files = (
			);
			runOnlyForDeploymentPostprocessing = 0;
		};
		1EE045CF1E426AD3002388D7 /* Frameworks */ = {
			isa = PBXFrameworksBuildPhase;
			buildActionMask = 2147483647;
			files = (
				1EE045D31E426AD3002388D7 /* SidePanel.framework in Frameworks */,
			);
			runOnlyForDeploymentPostprocessing = 0;
		};
/* End PBXFrameworksBuildPhase section */

/* Begin PBXGroup section */
		1EE045BF1E426AD3002388D7 = {
			isa = PBXGroup;
			children = (
				1EE045CB1E426AD3002388D7 /* SidePanel */,
				1EE045D61E426AD3002388D7 /* SidePanelTests */,
				1EE045CA1E426AD3002388D7 /* Products */,
			);
			sourceTree = "<group>";
		};
		1EE045CA1E426AD3002388D7 /* Products */ = {
			isa = PBXGroup;
			children = (
				1EE045C91E426AD3002388D7 /* SidePanel.framework */,
				1EE045D21E426AD3002388D7 /* SidePanelTests.xctest */,
			);
			name = Products;
			sourceTree = "<group>";
		};
		1EE045CB1E426AD3002388D7 /* SidePanel */ = {
			isa = PBXGroup;
			children = (
				1EE045E31E426B29002388D7 /* ContainerViewController.swift */,
				1EE045E41E426B29002388D7 /* DataTypes.swift */,
				1EE045E51E426B29002388D7 /* MainViewController.swift */,
				1EE045E71E426B29002388D7 /* SideViewController.swift */,
				1EE045E61E426B29002388D7 /* Protocols.swift */,
				1EE045CC1E426AD3002388D7 /* SidePanel.h */,
				1EE045CD1E426AD3002388D7 /* Info.plist */,
			);
			path = SidePanel;
			sourceTree = "<group>";
		};
		1EE045D61E426AD3002388D7 /* SidePanelTests */ = {
			isa = PBXGroup;
			children = (
				1EE045D71E426AD3002388D7 /* SidePanelTests.swift */,
				1EE045D91E426AD3002388D7 /* Info.plist */,
			);
			path = SidePanelTests;
			sourceTree = "<group>";
		};
/* End PBXGroup section */

/* Begin PBXHeadersBuildPhase section */
		1EE045C61E426AD3002388D7 /* Headers */ = {
			isa = PBXHeadersBuildPhase;
			buildActionMask = 2147483647;
			files = (
				1EE045DA1E426AD3002388D7 /* SidePanel.h in Headers */,
			);
			runOnlyForDeploymentPostprocessing = 0;
		};
/* End PBXHeadersBuildPhase section */

/* Begin PBXNativeTarget section */
		1EE045C81E426AD3002388D7 /* SidePanel */ = {
			isa = PBXNativeTarget;
			buildConfigurationList = 1EE045DD1E426AD3002388D7 /* Build configuration list for PBXNativeTarget "SidePanel" */;
			buildPhases = (
				1EE045C41E426AD3002388D7 /* Sources */,
				1EE045C51E426AD3002388D7 /* Frameworks */,
				1EE045C61E426AD3002388D7 /* Headers */,
				1EE045C71E426AD3002388D7 /* Resources */,
			);
			buildRules = (
			);
			dependencies = (
			);
			name = SidePanel;
			productName = SidePanel;
			productReference = 1EE045C91E426AD3002388D7 /* SidePanel.framework */;
			productType = "com.apple.product-type.framework";
		};
		1EE045D11E426AD3002388D7 /* SidePanelTests */ = {
			isa = PBXNativeTarget;
			buildConfigurationList = 1EE045E01E426AD3002388D7 /* Build configuration list for PBXNativeTarget "SidePanelTests" */;
			buildPhases = (
				1EE045CE1E426AD3002388D7 /* Sources */,
				1EE045CF1E426AD3002388D7 /* Frameworks */,
				1EE045D01E426AD3002388D7 /* Resources */,
			);
			buildRules = (
			);
			dependencies = (
				1EE045D51E426AD3002388D7 /* PBXTargetDependency */,
			);
			name = SidePanelTests;
			productName = SidePanelTests;
			productReference = 1EE045D21E426AD3002388D7 /* SidePanelTests.xctest */;
			productType = "com.apple.product-type.bundle.unit-test";
		};
/* End PBXNativeTarget section */

/* Begin PBXProject section */
		1EE045C01E426AD3002388D7 /* Project object */ = {
			isa = PBXProject;
			attributes = {
				LastSwiftUpdateCheck = 0820;
				LastUpgradeCheck = 0820;
				ORGANIZATIONNAME = Sye;
				TargetAttributes = {
					1EE045C81E426AD3002388D7 = {
						CreatedOnToolsVersion = 8.2.1;
						LastSwiftMigration = 0820;
						ProvisioningStyle = Automatic;
					};
					1EE045D11E426AD3002388D7 = {
						CreatedOnToolsVersion = 8.2.1;
						ProvisioningStyle = Automatic;
					};
				};
			};
			buildConfigurationList = 1EE045C31E426AD3002388D7 /* Build configuration list for PBXProject "SidePanel" */;
			compatibilityVersion = "Xcode 3.2";
			developmentRegion = English;
			hasScannedForEncodings = 0;
			knownRegions = (
				en,
			);
			mainGroup = 1EE045BF1E426AD3002388D7;
			productRefGroup = 1EE045CA1E426AD3002388D7 /* Products */;
			projectDirPath = "";
			projectRoot = "";
			targets = (
				1EE045C81E426AD3002388D7 /* SidePanel */,
				1EE045D11E426AD3002388D7 /* SidePanelTests */,
			);
		};
/* End PBXProject section */

/* Begin PBXResourcesBuildPhase section */
		1EE045C71E426AD3002388D7 /* Resources */ = {
			isa = PBXResourcesBuildPhase;
			buildActionMask = 2147483647;
			files = (
				1EE045ED1E426B51002388D7 /* Info.plist in Resources */,
			);
			runOnlyForDeploymentPostprocessing = 0;
		};
		1EE045D01E426AD3002388D7 /* Resources */ = {
			isa = PBXResourcesBuildPhase;
			buildActionMask = 2147483647;
			files = (
			);
			runOnlyForDeploymentPostprocessing = 0;
		};
/* End PBXResourcesBuildPhase section */

/* Begin PBXSourcesBuildPhase section */
		1EE045C41E426AD3002388D7 /* Sources */ = {
			isa = PBXSourcesBuildPhase;
			buildActionMask = 2147483647;
			files = (
				1EE045EC1E426B29002388D7 /* SideViewController.swift in Sources */,
				1EE045EA1E426B29002388D7 /* MainViewController.swift in Sources */,
				1EE045E81E426B29002388D7 /* ContainerViewController.swift in Sources */,
				1EE045E91E426B29002388D7 /* DataTypes.swift in Sources */,
				1EE045EB1E426B29002388D7 /* Protocols.swift in Sources */,
			);
			runOnlyForDeploymentPostprocessing = 0;
		};
		1EE045CE1E426AD3002388D7 /* Sources */ = {
			isa = PBXSourcesBuildPhase;
			buildActionMask = 2147483647;
			files = (
				1EE045D81E426AD3002388D7 /* SidePanelTests.swift in Sources */,
			);
			runOnlyForDeploymentPostprocessing = 0;
		};
/* End PBXSourcesBuildPhase section */

/* Begin PBXTargetDependency section */
		1EE045D51E426AD3002388D7 /* PBXTargetDependency */ = {
			isa = PBXTargetDependency;
			target = 1EE045C81E426AD3002388D7 /* SidePanel */;
			targetProxy = 1EE045D41E426AD3002388D7 /* PBXContainerItemProxy */;
		};
/* End PBXTargetDependency section */

/* Begin XCBuildConfiguration section */
		1EE045DB1E426AD3002388D7 /* Debug */ = {
			isa = XCBuildConfiguration;
			buildSettings = {
				ALWAYS_SEARCH_USER_PATHS = NO;
				CLANG_ANALYZER_NONNULL = YES;
				CLANG_CXX_LANGUAGE_STANDARD = "gnu++0x";
				CLANG_CXX_LIBRARY = "libc++";
				CLANG_ENABLE_MODULES = YES;
				CLANG_ENABLE_OBJC_ARC = YES;
				CLANG_WARN_BOOL_CONVERSION = YES;
				CLANG_WARN_CONSTANT_CONVERSION = YES;
				CLANG_WARN_DIRECT_OBJC_ISA_USAGE = YES_ERROR;
				CLANG_WARN_DOCUMENTATION_COMMENTS = YES;
				CLANG_WARN_EMPTY_BODY = YES;
				CLANG_WARN_ENUM_CONVERSION = YES;
				CLANG_WARN_INFINITE_RECURSION = YES;
				CLANG_WARN_INT_CONVERSION = YES;
				CLANG_WARN_OBJC_ROOT_CLASS = YES_ERROR;
				CLANG_WARN_SUSPICIOUS_MOVE = YES;
				CLANG_WARN_UNREACHABLE_CODE = YES;
				CLANG_WARN__DUPLICATE_METHOD_MATCH = YES;
				"CODE_SIGN_IDENTITY[sdk=iphoneos*]" = "iPhone Developer";
				COPY_PHASE_STRIP = NO;
				CURRENT_PROJECT_VERSION = 1;
				DEBUG_INFORMATION_FORMAT = dwarf;
				ENABLE_STRICT_OBJC_MSGSEND = YES;
				ENABLE_TESTABILITY = YES;
				GCC_C_LANGUAGE_STANDARD = gnu99;
				GCC_DYNAMIC_NO_PIC = NO;
				GCC_NO_COMMON_BLOCKS = YES;
				GCC_OPTIMIZATION_LEVEL = 0;
				GCC_PREPROCESSOR_DEFINITIONS = (
					"DEBUG=1",
					"$(inherited)",
				);
				GCC_WARN_64_TO_32_BIT_CONVERSION = YES;
				GCC_WARN_ABOUT_RETURN_TYPE = YES_ERROR;
				GCC_WARN_UNDECLARED_SELECTOR = YES;
				GCC_WARN_UNINITIALIZED_AUTOS = YES_AGGRESSIVE;
				GCC_WARN_UNUSED_FUNCTION = YES;
				GCC_WARN_UNUSED_VARIABLE = YES;
				IPHONEOS_DEPLOYMENT_TARGET = 10.2;
				MTL_ENABLE_DEBUG_INFO = YES;
				ONLY_ACTIVE_ARCH = YES;
				SDKROOT = iphoneos;
				SWIFT_ACTIVE_COMPILATION_CONDITIONS = DEBUG;
				SWIFT_OPTIMIZATION_LEVEL = "-Onone";
				TARGETED_DEVICE_FAMILY = "1,2";
				VERSIONING_SYSTEM = "apple-generic";
				VERSION_INFO_PREFIX = "";
			};
			name = Debug;
		};
		1EE045DC1E426AD3002388D7 /* Release */ = {
			isa = XCBuildConfiguration;
			buildSettings = {
				ALWAYS_SEARCH_USER_PATHS = NO;
				CLANG_ANALYZER_NONNULL = YES;
				CLANG_CXX_LANGUAGE_STANDARD = "gnu++0x";
				CLANG_CXX_LIBRARY = "libc++";
				CLANG_ENABLE_MODULES = YES;
				CLANG_ENABLE_OBJC_ARC = YES;
				CLANG_WARN_BOOL_CONVERSION = YES;
				CLANG_WARN_CONSTANT_CONVERSION = YES;
				CLANG_WARN_DIRECT_OBJC_ISA_USAGE = YES_ERROR;
				CLANG_WARN_DOCUMENTATION_COMMENTS = YES;
				CLANG_WARN_EMPTY_BODY = YES;
				CLANG_WARN_ENUM_CONVERSION = YES;
				CLANG_WARN_INFINITE_RECURSION = YES;
				CLANG_WARN_INT_CONVERSION = YES;
				CLANG_WARN_OBJC_ROOT_CLASS = YES_ERROR;
				CLANG_WARN_SUSPICIOUS_MOVE = YES;
				CLANG_WARN_UNREACHABLE_CODE = YES;
				CLANG_WARN__DUPLICATE_METHOD_MATCH = YES;
				"CODE_SIGN_IDENTITY[sdk=iphoneos*]" = "iPhone Developer";
				COPY_PHASE_STRIP = NO;
				CURRENT_PROJECT_VERSION = 1;
				DEBUG_INFORMATION_FORMAT = "dwarf-with-dsym";
				ENABLE_NS_ASSERTIONS = NO;
				ENABLE_STRICT_OBJC_MSGSEND = YES;
				GCC_C_LANGUAGE_STANDARD = gnu99;
				GCC_NO_COMMON_BLOCKS = YES;
				GCC_WARN_64_TO_32_BIT_CONVERSION = YES;
				GCC_WARN_ABOUT_RETURN_TYPE = YES_ERROR;
				GCC_WARN_UNDECLARED_SELECTOR = YES;
				GCC_WARN_UNINITIALIZED_AUTOS = YES_AGGRESSIVE;
				GCC_WARN_UNUSED_FUNCTION = YES;
				GCC_WARN_UNUSED_VARIABLE = YES;
				IPHONEOS_DEPLOYMENT_TARGET = 10.2;
				MTL_ENABLE_DEBUG_INFO = NO;
				SDKROOT = iphoneos;
				SWIFT_OPTIMIZATION_LEVEL = "-Owholemodule";
				TARGETED_DEVICE_FAMILY = "1,2";
				VALIDATE_PRODUCT = YES;
				VERSIONING_SYSTEM = "apple-generic";
				VERSION_INFO_PREFIX = "";
			};
			name = Release;
		};
		1EE045DE1E426AD3002388D7 /* Debug */ = {
			isa = XCBuildConfiguration;
			buildSettings = {
				CLANG_ENABLE_MODULES = YES;
				CODE_SIGN_IDENTITY = "";
				DEFINES_MODULE = YES;
				DYLIB_COMPATIBILITY_VERSION = 1;
				DYLIB_CURRENT_VERSION = 1;
				DYLIB_INSTALL_NAME_BASE = "@rpath";
				INFOPLIST_FILE = SidePanel/Info.plist;
				INSTALL_PATH = "$(LOCAL_LIBRARY_DIR)/Frameworks";
				IPHONEOS_DEPLOYMENT_TARGET = 9.0;
				LD_RUNPATH_SEARCH_PATHS = "$(inherited) @executable_path/Frameworks @loader_path/Frameworks";
				PRODUCT_BUNDLE_IDENTIFIER = com.sye.SidePanel;
				PRODUCT_NAME = "$(TARGET_NAME)";
				SKIP_INSTALL = YES;
				SWIFT_OPTIMIZATION_LEVEL = "-Onone";
				SWIFT_VERSION = 3.0;
			};
			name = Debug;
		};
		1EE045DF1E426AD3002388D7 /* Release */ = {
			isa = XCBuildConfiguration;
			buildSettings = {
				CLANG_ENABLE_MODULES = YES;
				CODE_SIGN_IDENTITY = "";
				DEFINES_MODULE = YES;
				DYLIB_COMPATIBILITY_VERSION = 1;
				DYLIB_CURRENT_VERSION = 1;
				DYLIB_INSTALL_NAME_BASE = "@rpath";
				INFOPLIST_FILE = SidePanel/Info.plist;
				INSTALL_PATH = "$(LOCAL_LIBRARY_DIR)/Frameworks";
				IPHONEOS_DEPLOYMENT_TARGET = 9.0;
				LD_RUNPATH_SEARCH_PATHS = "$(inherited) @executable_path/Frameworks @loader_path/Frameworks";
				PRODUCT_BUNDLE_IDENTIFIER = com.sye.SidePanel;
				PRODUCT_NAME = "$(TARGET_NAME)";
				SKIP_INSTALL = YES;
				SWIFT_VERSION = 3.0;
			};
			name = Release;
		};
		1EE045E11E426AD3002388D7 /* Debug */ = {
			isa = XCBuildConfiguration;
			buildSettings = {
				ALWAYS_EMBED_SWIFT_STANDARD_LIBRARIES = YES;
				INFOPLIST_FILE = SidePanelTests/Info.plist;
				LD_RUNPATH_SEARCH_PATHS = "$(inherited) @executable_path/Frameworks @loader_path/Frameworks";
				PRODUCT_BUNDLE_IDENTIFIER = com.sye.SidePanelTests;
				PRODUCT_NAME = "$(TARGET_NAME)";
				SWIFT_VERSION = 3.0;
			};
			name = Debug;
		};
		1EE045E21E426AD3002388D7 /* Release */ = {
			isa = XCBuildConfiguration;
			buildSettings = {
				ALWAYS_EMBED_SWIFT_STANDARD_LIBRARIES = YES;
				INFOPLIST_FILE = SidePanelTests/Info.plist;
				LD_RUNPATH_SEARCH_PATHS = "$(inherited) @executable_path/Frameworks @loader_path/Frameworks";
				PRODUCT_BUNDLE_IDENTIFIER = com.sye.SidePanelTests;
				PRODUCT_NAME = "$(TARGET_NAME)";
				SWIFT_VERSION = 3.0;
			};
			name = Release;
		};
/* End XCBuildConfiguration section */

/* Begin XCConfigurationList section */
		1EE045C31E426AD3002388D7 /* Build configuration list for PBXProject "SidePanel" */ = {
			isa = XCConfigurationList;
			buildConfigurations = (
				1EE045DB1E426AD3002388D7 /* Debug */,
				1EE045DC1E426AD3002388D7 /* Release */,
			);
			defaultConfigurationIsVisible = 0;
			defaultConfigurationName = Release;
		};
		1EE045DD1E426AD3002388D7 /* Build configuration list for PBXNativeTarget "SidePanel" */ = {
			isa = XCConfigurationList;
			buildConfigurations = (
				1EE045DE1E426AD3002388D7 /* Debug */,
				1EE045DF1E426AD3002388D7 /* Release */,
			);
			defaultConfigurationIsVisible = 0;
			defaultConfigurationName = Release;
		};
		1EE045E01E426AD3002388D7 /* Build configuration list for PBXNativeTarget "SidePanelTests" */ = {
			isa = XCConfigurationList;
			buildConfigurations = (
				1EE045E11E426AD3002388D7 /* Debug */,
				1EE045E21E426AD3002388D7 /* Release */,
			);
			defaultConfigurationIsVisible = 0;
			defaultConfigurationName = Release;
		};
/* End XCConfigurationList section */
	};
	rootObject = 1EE045C01E426AD3002388D7 /* Project object */;
}
